
Microsoft Visual Studio Solution File, Format Version 12.00
# Visual Studio Version 17
VisualStudioVersion = 17.5.002.0
MinimumVisualStudioVersion = 10.0.40219.1
Project("{9A19103F-16F7-4668-BE54-9A1E7A4F7556}") = "PosApp", "PosApp.csproj", "{5A9FC3BA-86E2-4AE7-AE89-3B516A4E4C7A}"
EndProject
Global
	GlobalSection(SolutionConfigurationPlatforms) = preSolution
		Debug|Any CPU = Debug|Any CPU
		Release|Any CPU = Release|Any CPU
	EndGlobalSection
	GlobalSection(ProjectConfigurationPlatforms) = postSolution
		{5A9FC3BA-86E2-4AE7-AE89-3B516A4E4C7A}.Debug|Any CPU.ActiveCfg = Debug|Any CPU
		{5A9FC3BA-86E2-4AE7-AE89-3B516A4E4C7A}.Debug|Any CPU.Build.0 = Debug|Any CPU
		{5A9FC3BA-86E2-4AE7-AE89-3B516A4E4C7A}.Release|Any CPU.ActiveCfg = Release|Any CPU
		{5A9FC3BA-86E2-4AE7-AE89-3B516A4E4C7A}.Release|Any CPU.Build.0 = Release|Any CPU
	EndGlobalSection
	GlobalSection(SolutionProperties) = preSolution
		HideSolutionNode = FALSE
	EndGlobalSection
	GlobalSection(ExtensibilityGlobals) = postSolution
		SolutionGuid = {3D7AF62D-45C5-475E-8B3E-A0CCDBF51E0F}
	EndGlobalSection
EndGlobal
